
Microsoft Visual Studio Solution File, Format Version 12.00
# Visual Studio 15
VisualStudioVersion = 15.0.26124.0
MinimumVisualStudioVersion = 15.0.26124.0
Project("{2150E333-8FDC-42A3-9474-1A3956D46DE8}") = "domain", "domain", "{4E41349B-A19F-43C9-BF48-39E989EC8E0C}"
EndProject
Project("{9A19103F-16F7-4668-BE54-9A1E7A4F7556}") = "Store", "domain\Store\Store.csproj", "{FC8484F4-5C04-4CEF-BCD8-EEBB6DA83E37}"
EndProject
Project("{2150E333-8FDC-42A3-9474-1A3956D46DE8}") = "infrastructure", "infrastructure", "{E25F84AA-0277-4901-9BD5-E786C172EC90}"
EndProject
Project("{9A19103F-16F7-4668-BE54-9A1E7A4F7556}") = "Store.Memory", "Store.Memory\Store.Memory.csproj", "{D1F58D2C-9D47-47E8-AD56-35BA2FC89CAC}"
EndProject
Project("{2150E333-8FDC-42A3-9474-1A3956D46DE8}") = "presentation", "presentation", "{DDF3D45E-FFEC-49E0-BD3C-5BC94FCB6295}"
EndProject
Project("{FAE04EC0-301F-11D3-BF4B-00C04F79EFBC}") = "Store.Web", "Store.Web\Store.Web.csproj", "{36FDCFD6-8710-44D2-93D0-43A6D492F584}"
EndProject
Global
	GlobalSection(SolutionConfigurationPlatforms) = preSolution
		Debug|Any CPU = Debug|Any CPU
		Debug|x64 = Debug|x64
		Debug|x86 = Debug|x86
		Release|Any CPU = Release|Any CPU
		Release|x64 = Release|x64
		Release|x86 = Release|x86
	EndGlobalSection
	GlobalSection(ProjectConfigurationPlatforms) = postSolution
		{FC8484F4-5C04-4CEF-BCD8-EEBB6DA83E37}.Debug|Any CPU.ActiveCfg = Debug|Any CPU
		{FC8484F4-5C04-4CEF-BCD8-EEBB6DA83E37}.Debug|Any CPU.Build.0 = Debug|Any CPU
		{FC8484F4-5C04-4CEF-BCD8-EEBB6DA83E37}.Debug|x64.ActiveCfg = Debug|Any CPU
		{FC8484F4-5C04-4CEF-BCD8-EEBB6DA83E37}.Debug|x64.Build.0 = Debug|Any CPU
		{FC8484F4-5C04-4CEF-BCD8-EEBB6DA83E37}.Debug|x86.ActiveCfg = Debug|Any CPU
		{FC8484F4-5C04-4CEF-BCD8-EEBB6DA83E37}.Debug|x86.Build.0 = Debug|Any CPU
		{FC8484F4-5C04-4CEF-BCD8-EEBB6DA83E37}.Release|Any CPU.ActiveCfg = Release|Any CPU
		{FC8484F4-5C04-4CEF-BCD8-EEBB6DA83E37}.Release|Any CPU.Build.0 = Release|Any CPU
		{FC8484F4-5C04-4CEF-BCD8-EEBB6DA83E37}.Release|x64.ActiveCfg = Release|Any CPU
		{FC8484F4-5C04-4CEF-BCD8-EEBB6DA83E37}.Release|x64.Build.0 = Release|Any CPU
		{FC8484F4-5C04-4CEF-BCD8-EEBB6DA83E37}.Release|x86.ActiveCfg = Release|Any CPU
		{FC8484F4-5C04-4CEF-BCD8-EEBB6DA83E37}.Release|x86.Build.0 = Release|Any CPU
		{D1F58D2C-9D47-47E8-AD56-35BA2FC89CAC}.Debug|Any CPU.ActiveCfg = Debug|Any CPU
		{D1F58D2C-9D47-47E8-AD56-35BA2FC89CAC}.Debug|Any CPU.Build.0 = Debug|Any CPU
		{D1F58D2C-9D47-47E8-AD56-35BA2FC89CAC}.Debug|x64.ActiveCfg = Debug|Any CPU
		{D1F58D2C-9D47-47E8-AD56-35BA2FC89CAC}.Debug|x64.Build.0 = Debug|Any CPU
		{D1F58D2C-9D47-47E8-AD56-35BA2FC89CAC}.Debug|x86.ActiveCfg = Debug|Any CPU
		{D1F58D2C-9D47-47E8-AD56-35BA2FC89CAC}.Debug|x86.Build.0 = Debug|Any CPU
		{D1F58D2C-9D47-47E8-AD56-35BA2FC89CAC}.Release|Any CPU.ActiveCfg = Release|Any CPU
		{D1F58D2C-9D47-47E8-AD56-35BA2FC89CAC}.Release|Any CPU.Build.0 = Release|Any CPU
		{D1F58D2C-9D47-47E8-AD56-35BA2FC89CAC}.Release|x64.ActiveCfg = Release|Any CPU
		{D1F58D2C-9D47-47E8-AD56-35BA2FC89CAC}.Release|x64.Build.0 = Release|Any CPU
		{D1F58D2C-9D47-47E8-AD56-35BA2FC89CAC}.Release|x86.ActiveCfg = Release|Any CPU
		{D1F58D2C-9D47-47E8-AD56-35BA2FC89CAC}.Release|x86.Build.0 = Release|Any CPU
		{36FDCFD6-8710-44D2-93D0-43A6D492F584}.Debug|Any CPU.ActiveCfg = Debug|Any CPU
		{36FDCFD6-8710-44D2-93D0-43A6D492F584}.Debug|Any CPU.Build.0 = Debug|Any CPU
		{36FDCFD6-8710-44D2-93D0-43A6D492F584}.Debug|x64.ActiveCfg = Debug|Any CPU
		{36FDCFD6-8710-44D2-93D0-43A6D492F584}.Debug|x64.Build.0 = Debug|Any CPU
		{36FDCFD6-8710-44D2-93D0-43A6D492F584}.Debug|x86.ActiveCfg = Debug|Any CPU
		{36FDCFD6-8710-44D2-93D0-43A6D492F584}.Debug|x86.Build.0 = Debug|Any CPU
		{36FDCFD6-8710-44D2-93D0-43A6D492F584}.Release|Any CPU.ActiveCfg = Release|Any CPU
		{36FDCFD6-8710-44D2-93D0-43A6D492F584}.Release|Any CPU.Build.0 = Release|Any CPU
		{36FDCFD6-8710-44D2-93D0-43A6D492F584}.Release|x64.ActiveCfg = Release|Any CPU
		{36FDCFD6-8710-44D2-93D0-43A6D492F584}.Release|x64.Build.0 = Release|Any CPU
		{36FDCFD6-8710-44D2-93D0-43A6D492F584}.Release|x86.ActiveCfg = Release|Any CPU
		{36FDCFD6-8710-44D2-93D0-43A6D492F584}.Release|x86.Build.0 = Release|Any CPU
	EndGlobalSection
	GlobalSection(SolutionProperties) = preSolution
		HideSolutionNode = FALSE
	EndGlobalSection
	GlobalSection(NestedProjects) = preSolution
		{FC8484F4-5C04-4CEF-BCD8-EEBB6DA83E37} = {4E41349B-A19F-43C9-BF48-39E989EC8E0C}
		{D1F58D2C-9D47-47E8-AD56-35BA2FC89CAC} = {E25F84AA-0277-4901-9BD5-E786C172EC90}
		{36FDCFD6-8710-44D2-93D0-43A6D492F584} = {DDF3D45E-FFEC-49E0-BD3C-5BC94FCB6295}
	EndGlobalSection
	GlobalSection(ExtensibilityGlobals) = postSolution
		SolutionGuid = {F8B612C7-196C-4B67-BE5F-8CD7FEFCF93E}
	EndGlobalSection
EndGlobal
